
Microsoft Visual Studio Solution File, Format Version 12.00
# Visual Studio Version 17
VisualStudioVersion = 17.9.34902.65
MinimumVisualStudioVersion = 10.0.40219.1
Project("{2150E333-8FDC-42A3-9474-1A3956D46DE8}") = "src", "src", "{D54365D9-2254-47A0-88DF-64AF6286C23C}"
EndProject
Project("{2150E333-8FDC-42A3-9474-1A3956D46DE8}") = "tests", "tests", "{644AEBF7-F200-48A1-8F62-CF48E90D93CB}"
EndProject
Project("{2150E333-8FDC-42A3-9474-1A3956D46DE8}") = "root", "root", "{893B2C08-B295-4FB0-9CEC-9640791868E4}"
EndProject
Project("{2150E333-8FDC-42A3-9474-1A3956D46DE8}") = "shared", "shared", "{B06446CA-ED73-4EDE-91AA-2F92BD5A3FE3}"
EndProject
Project("{FAE04EC0-301F-11D3-BF4B-00C04F79EFBC}") = "nt.Domain", "src\root\nt.Domain\nt.Domain.csproj", "{375625E8-EF11-4942-A263-83EAE6B5210F}"
EndProject
Project("{FAE04EC0-301F-11D3-BF4B-00C04F79EFBC}") = "nt.Infrastructure", "src\root\nt.Infrastructure\nt.Infrastructure.csproj", "{FCB77EA6-FD7D-44EE-AA6D-E7CC2529E5DF}"
EndProject
Project("{FAE04EC0-301F-11D3-BF4B-00C04F79EFBC}") = "nt.Application", "src\root\nt.Application\nt.Application.csproj", "{479408AE-BF4C-45CC-B73A-726F8B5E04F2}"
EndProject
Project("{FAE04EC0-301F-11D3-BF4B-00C04F79EFBC}") = "nt.API", "src\root\nt.API\nt.API.csproj", "{A4338831-9E3A-44C2-AA1B-E321E4306A7A}"
EndProject
Project("{FAE04EC0-301F-11D3-BF4B-00C04F79EFBC}") = "nt.Communication", "src\shared\nt.Communication\nt.Communication.csproj", "{8A7E829B-C93E-4EAD-BD37-2408B37EDF33}"
EndProject
Project("{FAE04EC0-301F-11D3-BF4B-00C04F79EFBC}") = "nt.Exceptions", "src\shared\nt.Exceptions\nt.Exceptions.csproj", "{9C52B01B-F1CC-4F35-8FA0-B19C635E7115}"
EndProject
Global
	GlobalSection(SolutionConfigurationPlatforms) = preSolution
		Debug|Any CPU = Debug|Any CPU
		Release|Any CPU = Release|Any CPU
	EndGlobalSection
	GlobalSection(ProjectConfigurationPlatforms) = postSolution
		{375625E8-EF11-4942-A263-83EAE6B5210F}.Debug|Any CPU.ActiveCfg = Debug|Any CPU
		{375625E8-EF11-4942-A263-83EAE6B5210F}.Debug|Any CPU.Build.0 = Debug|Any CPU
		{375625E8-EF11-4942-A263-83EAE6B5210F}.Release|Any CPU.ActiveCfg = Release|Any CPU
		{375625E8-EF11-4942-A263-83EAE6B5210F}.Release|Any CPU.Build.0 = Release|Any CPU
		{FCB77EA6-FD7D-44EE-AA6D-E7CC2529E5DF}.Debug|Any CPU.ActiveCfg = Debug|Any CPU
		{FCB77EA6-FD7D-44EE-AA6D-E7CC2529E5DF}.Debug|Any CPU.Build.0 = Debug|Any CPU
		{FCB77EA6-FD7D-44EE-AA6D-E7CC2529E5DF}.Release|Any CPU.ActiveCfg = Release|Any CPU
		{FCB77EA6-FD7D-44EE-AA6D-E7CC2529E5DF}.Release|Any CPU.Build.0 = Release|Any CPU
		{479408AE-BF4C-45CC-B73A-726F8B5E04F2}.Debug|Any CPU.ActiveCfg = Debug|Any CPU
		{479408AE-BF4C-45CC-B73A-726F8B5E04F2}.Debug|Any CPU.Build.0 = Debug|Any CPU
		{479408AE-BF4C-45CC-B73A-726F8B5E04F2}.Release|Any CPU.ActiveCfg = Release|Any CPU
		{479408AE-BF4C-45CC-B73A-726F8B5E04F2}.Release|Any CPU.Build.0 = Release|Any CPU
		{A4338831-9E3A-44C2-AA1B-E321E4306A7A}.Debug|Any CPU.ActiveCfg = Debug|Any CPU
		{A4338831-9E3A-44C2-AA1B-E321E4306A7A}.Debug|Any CPU.Build.0 = Debug|Any CPU
		{A4338831-9E3A-44C2-AA1B-E321E4306A7A}.Release|Any CPU.ActiveCfg = Release|Any CPU
		{A4338831-9E3A-44C2-AA1B-E321E4306A7A}.Release|Any CPU.Build.0 = Release|Any CPU
		{8A7E829B-C93E-4EAD-BD37-2408B37EDF33}.Debug|Any CPU.ActiveCfg = Debug|Any CPU
		{8A7E829B-C93E-4EAD-BD37-2408B37EDF33}.Debug|Any CPU.Build.0 = Debug|Any CPU
		{8A7E829B-C93E-4EAD-BD37-2408B37EDF33}.Release|Any CPU.ActiveCfg = Release|Any CPU
		{8A7E829B-C93E-4EAD-BD37-2408B37EDF33}.Release|Any CPU.Build.0 = Release|Any CPU
		{9C52B01B-F1CC-4F35-8FA0-B19C635E7115}.Debug|Any CPU.ActiveCfg = Debug|Any CPU
		{9C52B01B-F1CC-4F35-8FA0-B19C635E7115}.Debug|Any CPU.Build.0 = Debug|Any CPU
		{9C52B01B-F1CC-4F35-8FA0-B19C635E7115}.Release|Any CPU.ActiveCfg = Release|Any CPU
		{9C52B01B-F1CC-4F35-8FA0-B19C635E7115}.Release|Any CPU.Build.0 = Release|Any CPU
	EndGlobalSection
	GlobalSection(SolutionProperties) = preSolution
		HideSolutionNode = FALSE
	EndGlobalSection
	GlobalSection(NestedProjects) = preSolution
		{893B2C08-B295-4FB0-9CEC-9640791868E4} = {D54365D9-2254-47A0-88DF-64AF6286C23C}
		{B06446CA-ED73-4EDE-91AA-2F92BD5A3FE3} = {D54365D9-2254-47A0-88DF-64AF6286C23C}
		{375625E8-EF11-4942-A263-83EAE6B5210F} = {893B2C08-B295-4FB0-9CEC-9640791868E4}
		{FCB77EA6-FD7D-44EE-AA6D-E7CC2529E5DF} = {893B2C08-B295-4FB0-9CEC-9640791868E4}
		{479408AE-BF4C-45CC-B73A-726F8B5E04F2} = {893B2C08-B295-4FB0-9CEC-9640791868E4}
		{A4338831-9E3A-44C2-AA1B-E321E4306A7A} = {893B2C08-B295-4FB0-9CEC-9640791868E4}
		{8A7E829B-C93E-4EAD-BD37-2408B37EDF33} = {B06446CA-ED73-4EDE-91AA-2F92BD5A3FE3}
		{9C52B01B-F1CC-4F35-8FA0-B19C635E7115} = {B06446CA-ED73-4EDE-91AA-2F92BD5A3FE3}
	EndGlobalSection
	GlobalSection(ExtensibilityGlobals) = postSolution
		SolutionGuid = {9A4B910D-2C41-4361-836A-402DDBB56A6B}
	EndGlobalSection
EndGlobal
